
Microsoft Visual Studio Solution File, Format Version 12.00
# Visual Studio Version 16
VisualStudioVersion = 16.0.29009.5
MinimumVisualStudioVersion = 10.0.40219.1
Project("{FAE04EC0-301F-11D3-BF4B-00C04F79EFBC}") = "Fajl", "Fajl\Fajl.csproj", "{D66832B7-E63B-4EFC-BCA0-B647AFCF4545}"
EndProject
Global
	GlobalSection(SolutionConfigurationPlatforms) = preSolution
		Debug|Any CPU = Debug|Any CPU
		Release|Any CPU = Release|Any CPU
	EndGlobalSection
	GlobalSection(ProjectConfigurationPlatforms) = postSolution
		{D66832B7-E63B-4EFC-BCA0-B647AFCF4545}.Debug|Any CPU.ActiveCfg = Debug|Any CPU
		{D66832B7-E63B-4EFC-BCA0-B647AFCF4545}.Debug|Any CPU.Build.0 = Debug|Any CPU
		{D66832B7-E63B-4EFC-BCA0-B647AFCF4545}.Release|Any CPU.ActiveCfg = Release|Any CPU
		{D66832B7-E63B-4EFC-BCA0-B647AFCF4545}.Release|Any CPU.Build.0 = Release|Any CPU
	EndGlobalSection
	GlobalSection(SolutionProperties) = preSolution
		HideSolutionNode = FALSE
	EndGlobalSection
	GlobalSection(ExtensibilityGlobals) = postSolution
		SolutionGuid = {B6124DD0-5647-4C09-975D-66AB61CB4446}
	EndGlobalSection
EndGlobal
